{
  "name": "markdownlint.novaextension",
  "lockfileVersion": 2,
  "requires": true,
  "packages": {
    "": {
      "devDependencies": {
        "@types/nova-editor": "^1.0.0"
      }
    },
    "node_modules/@types/nova-editor": {
      "version": "1.0.0",
      "resolved": "https://registry.npmjs.org/@types/nova-editor/-/nova-editor-1.0.0.tgz",
      "integrity": "sha512-Xke+goq1r5GhAoYwXyGzugOuT7f1fSdTx/IR18UE6K7XUFUBirDbW0Onx7makn9RgNUlSH+sEqyh8chDgfWcpg==",
      "dev": true,
      "dependencies": {
        "@types/nova-editor-node": "*"
      }
    },
    "node_modules/@types/nova-editor-node": {
      "version": "4.1.4",
      "resolved": "https://registry.npmjs.org/@types/nova-editor-node/-/nova-editor-node-4.1.4.tgz",
      "integrity": "sha512-DXvcePojOn009iUrx95LbAQGuYIWCIWX9BqE67do3KKk/JDSqdp0YqftcxHIHo5wPYAtemcUQ7UVd1jKlyv3KA==",
      "dev": true
    }
  },
  "dependencies": {
    "@types/nova-editor": {
      "version": "1.0.0",
      "resolved": "https://registry.npmjs.org/@types/nova-editor/-/nova-editor-1.0.0.tgz",
      "integrity": "sha512-Xke+goq1r5GhAoYwXyGzugOuT7f1fSdTx/IR18UE6K7XUFUBirDbW0Onx7makn9RgNUlSH+sEqyh8chDgfWcpg==",
      "dev": true,
      "requires": {
        "@types/nova-editor-node": "*"
      }
    },
    "@types/nova-editor-node": {
      "version": "4.1.4",
      "resolved": "https://registry.npmjs.org/@types/nova-editor-node/-/nova-editor-node-4.1.4.tgz",
      "integrity": "sha512-DXvcePojOn009iUrx95LbAQGuYIWCIWX9BqE67do3KKk/JDSqdp0YqftcxHIHo5wPYAtemcUQ7UVd1jKlyv3KA==",
      "dev": true
    }
  }
}
